// !$*UTF8*$!
{
	archiveVersion = 1;
	classes = {
	};
	objectVersion = 46;
	objects = {

/* Begin PBXBuildFile section */
		035193D41DC10497005C415B /* ColorPickerViewController.swift in Sources */ = {isa = PBXBuildFile; fileRef = 035193D31DC10497005C415B /* ColorPickerViewController.swift */; };
		036FD8D71E42637900F7E498 /* Buttons.plist in Resources */ = {isa = PBXBuildFile; fileRef = 036FD8D61E42637900F7E498 /* Buttons.plist */; };
		0398DB401DC6784200D4FE41 /* PiStream.swift in Sources */ = {isa = PBXBuildFile; fileRef = 0398DB3F1DC6784200D4FE41 /* PiStream.swift */; };
		0398DB421DC6813F00D4FE41 /* MainViewController.swift in Sources */ = {isa = PBXBuildFile; fileRef = 0398DB411DC6813F00D4FE41 /* MainViewController.swift */; };
		03C01FD91DC79FDB00C51F53 /* SettingsViewController.swift in Sources */ = {isa = PBXBuildFile; fileRef = 03C01FD81DC79FDB00C51F53 /* SettingsViewController.swift */; };
		03C01FDB1DC7A19300C51F53 /* Settings.plist in Resources */ = {isa = PBXBuildFile; fileRef = 03C01FDA1DC7A19300C51F53 /* Settings.plist */; };
		03C9D8DE1DBE7A6A00A6745C /* AppDelegate.swift in Sources */ = {isa = PBXBuildFile; fileRef = 03C9D8DD1DBE7A6A00A6745C /* AppDelegate.swift */; };
		03C9D8E51DBE7A6A00A6745C /* Main.storyboard in Resources */ = {isa = PBXBuildFile; fileRef = 03C9D8E31DBE7A6A00A6745C /* Main.storyboard */; };
		03C9D8E71DBE7A6A00A6745C /* Assets.xcassets in Resources */ = {isa = PBXBuildFile; fileRef = 03C9D8E61DBE7A6A00A6745C /* Assets.xcassets */; };
		03C9D8EA1DBE7A6A00A6745C /* LaunchScreen.storyboard in Resources */ = {isa = PBXBuildFile; fileRef = 03C9D8E81DBE7A6A00A6745C /* LaunchScreen.storyboard */; };
/* End PBXBuildFile section */

/* Begin PBXFileReference section */
		035193D31DC10497005C415B /* ColorPickerViewController.swift */ = {isa = PBXFileReference; fileEncoding = 4; lastKnownFileType = sourcecode.swift; path = ColorPickerViewController.swift; sourceTree = "<group>"; };
		036FD8D61E42637900F7E498 /* Buttons.plist */ = {isa = PBXFileReference; fileEncoding = 4; lastKnownFileType = text.plist.xml; path = Buttons.plist; sourceTree = "<group>"; };
		0398DB3F1DC6784200D4FE41 /* PiStream.swift */ = {isa = PBXFileReference; fileEncoding = 4; lastKnownFileType = sourcecode.swift; path = PiStream.swift; sourceTree = "<group>"; };
		0398DB411DC6813F00D4FE41 /* MainViewController.swift */ = {isa = PBXFileReference; fileEncoding = 4; lastKnownFileType = sourcecode.swift; path = MainViewController.swift; sourceTree = "<group>"; };
		03C01FD81DC79FDB00C51F53 /* SettingsViewController.swift */ = {isa = PBXFileReference; fileEncoding = 4; lastKnownFileType = sourcecode.swift; path = SettingsViewController.swift; sourceTree = "<group>"; };
		03C01FDA1DC7A19300C51F53 /* Settings.plist */ = {isa = PBXFileReference; fileEncoding = 4; lastKnownFileType = text.plist.xml; path = Settings.plist; sourceTree = "<group>"; };
		03C9D8DA1DBE7A6A00A6745C /* Pi-Mote.app */ = {isa = PBXFileReference; explicitFileType = wrapper.application; includeInIndex = 0; path = "Pi-Mote.app"; sourceTree = BUILT_PRODUCTS_DIR; };
		03C9D8DD1DBE7A6A00A6745C /* AppDelegate.swift */ = {isa = PBXFileReference; lastKnownFileType = sourcecode.swift; path = AppDelegate.swift; sourceTree = "<group>"; };
		03C9D8E41DBE7A6A00A6745C /* Base */ = {isa = PBXFileReference; lastKnownFileType = file.storyboard; name = Base; path = Base.lproj/Main.storyboard; sourceTree = "<group>"; };
		03C9D8E61DBE7A6A00A6745C /* Assets.xcassets */ = {isa = PBXFileReference; lastKnownFileType = folder.assetcatalog; path = Assets.xcassets; sourceTree = "<group>"; };
		03C9D8E91DBE7A6A00A6745C /* Base */ = {isa = PBXFileReference; lastKnownFileType = file.storyboard; name = Base; path = Base.lproj/LaunchScreen.storyboard; sourceTree = "<group>"; };
		03C9D8EB1DBE7A6A00A6745C /* Info.plist */ = {isa = PBXFileReference; lastKnownFileType = text.plist.xml; path = Info.plist; sourceTree = "<group>"; };
/* End PBXFileReference section */

/* Begin PBXFrameworksBuildPhase section */
		03C9D8D71DBE7A6A00A6745C /* Frameworks */ = {
			isa = PBXFrameworksBuildPhase;
			buildActionMask = 2147483647;
			files = (
			);
			runOnlyForDeploymentPostprocessing = 0;
		};
/* End PBXFrameworksBuildPhase section */

/* Begin PBXGroup section */
		03C9D8D11DBE7A6A00A6745C = {
			isa = PBXGroup;
			children = (
				0398DB3F1DC6784200D4FE41 /* PiStream.swift */,
				03C9D8DC1DBE7A6A00A6745C /* Pi-Mote */,
				03C9D8DB1DBE7A6A00A6745C /* Products */,
			);
			sourceTree = "<group>";
		};
		03C9D8DB1DBE7A6A00A6745C /* Products */ = {
			isa = PBXGroup;
			children = (
				03C9D8DA1DBE7A6A00A6745C /* Pi-Mote.app */,
			);
			name = Products;
			sourceTree = "<group>";
		};
		03C9D8DC1DBE7A6A00A6745C /* Pi-Mote */ = {
			isa = PBXGroup;
			children = (
				0398DB411DC6813F00D4FE41 /* MainViewController.swift */,
				03C9D8DD1DBE7A6A00A6745C /* AppDelegate.swift */,
				03C9D8E31DBE7A6A00A6745C /* Main.storyboard */,
				035193D31DC10497005C415B /* ColorPickerViewController.swift */,
				03C9D8E61DBE7A6A00A6745C /* Assets.xcassets */,
				03C9D8E81DBE7A6A00A6745C /* LaunchScreen.storyboard */,
				03C9D8EB1DBE7A6A00A6745C /* Info.plist */,
				036FD8D61E42637900F7E498 /* Buttons.plist */,
				03C01FD81DC79FDB00C51F53 /* SettingsViewController.swift */,
				03C01FDA1DC7A19300C51F53 /* Settings.plist */,
			);
			path = "Pi-Mote";
			sourceTree = "<group>";
		};
/* End PBXGroup section */

/* Begin PBXNativeTarget section */
		03C9D8D91DBE7A6A00A6745C /* Pi-Mote */ = {
			isa = PBXNativeTarget;
			buildConfigurationList = 03C9D8EE1DBE7A6A00A6745C /* Build configuration list for PBXNativeTarget "Pi-Mote" */;
			buildPhases = (
				03C9D8D61DBE7A6A00A6745C /* Sources */,
				03C9D8D71DBE7A6A00A6745C /* Frameworks */,
				03C9D8D81DBE7A6A00A6745C /* Resources */,
			);
			buildRules = (
			);
			dependencies = (
			);
			name = "Pi-Mote";
			productName = "Pi-Mote";
			productReference = 03C9D8DA1DBE7A6A00A6745C /* Pi-Mote.app */;
			productType = "com.apple.product-type.application";
		};
/* End PBXNativeTarget section */

/* Begin PBXProject section */
		03C9D8D21DBE7A6A00A6745C /* Project object */ = {
			isa = PBXProject;
			attributes = {
				LastSwiftUpdateCheck = 0800;
				LastUpgradeCheck = 0810;
				ORGANIZATIONNAME = "Cody Meridith";
				TargetAttributes = {
					03C9D8D91DBE7A6A00A6745C = {
						CreatedOnToolsVersion = 8.0;
						DevelopmentTeam = H9SXWJQ397;
						LastSwiftMigration = 0800;
						ProvisioningStyle = Automatic;
					};
				};
			};
			buildConfigurationList = 03C9D8D51DBE7A6A00A6745C /* Build configuration list for PBXProject "Pi-Mote" */;
			compatibilityVersion = "Xcode 3.2";
			developmentRegion = English;
			hasScannedForEncodings = 0;
			knownRegions = (
				en,
				Base,
			);
			mainGroup = 03C9D8D11DBE7A6A00A6745C;
			productRefGroup = 03C9D8DB1DBE7A6A00A6745C /* Products */;
			projectDirPath = "";
			projectRoot = "";
			targets = (
				03C9D8D91DBE7A6A00A6745C /* Pi-Mote */,
			);
		};
/* End PBXProject section */

/* Begin PBXResourcesBuildPhase section */
		03C9D8D81DBE7A6A00A6745C /* Resources */ = {
			isa = PBXResourcesBuildPhase;
			buildActionMask = 2147483647;
			files = (
				036FD8D71E42637900F7E498 /* Buttons.plist in Resources */,
				03C9D8EA1DBE7A6A00A6745C /* LaunchScreen.storyboard in Resources */,
				03C9D8E71DBE7A6A00A6745C /* Assets.xcassets in Resources */,
				03C9D8E51DBE7A6A00A6745C /* Main.storyboard in Resources */,
				03C01FDB1DC7A19300C51F53 /* Settings.plist in Resources */,
			);
			runOnlyForDeploymentPostprocessing = 0;
		};
/* End PBXResourcesBuildPhase section */

/* Begin PBXSourcesBuildPhase section */
		03C9D8D61DBE7A6A00A6745C /* Sources */ = {
			isa = PBXSourcesBuildPhase;
			buildActionMask = 2147483647;
			files = (
				035193D41DC10497005C415B /* ColorPickerViewController.swift in Sources */,
				03C9D8DE1DBE7A6A00A6745C /* AppDelegate.swift in Sources */,
				0398DB401DC6784200D4FE41 /* PiStream.swift in Sources */,
				03C01FD91DC79FDB00C51F53 /* SettingsViewController.swift in Sources */,
				0398DB421DC6813F00D4FE41 /* MainViewController.swift in Sources */,
			);
			runOnlyForDeploymentPostprocessing = 0;
		};
/* End PBXSourcesBuildPhase section */

/* Begin PBXVariantGroup section */
		03C9D8E31DBE7A6A00A6745C /* Main.storyboard */ = {
			isa = PBXVariantGroup;
			children = (
				03C9D8E41DBE7A6A00A6745C /* Base */,
			);
			name = Main.storyboard;
			sourceTree = "<group>";
		};
		03C9D8E81DBE7A6A00A6745C /* LaunchScreen.storyboard */ = {
			isa = PBXVariantGroup;
			children = (
				03C9D8E91DBE7A6A00A6745C /* Base */,
			);
			name = LaunchScreen.storyboard;
			sourceTree = "<group>";
		};
/* End PBXVariantGroup section */

/* Begin XCBuildConfiguration section */
		03C9D8EC1DBE7A6A00A6745C /* Debug */ = {
			isa = XCBuildConfiguration;
			buildSettings = {
				ALWAYS_SEARCH_USER_PATHS = NO;
				CLANG_ANALYZER_NONNULL = YES;
				CLANG_CXX_LANGUAGE_STANDARD = "gnu++0x";
				CLANG_CXX_LIBRARY = "libc++";
				CLANG_ENABLE_MODULES = YES;
				CLANG_ENABLE_OBJC_ARC = YES;
				CLANG_WARN_BOOL_CONVERSION = YES;
				CLANG_WARN_CONSTANT_CONVERSION = YES;
				CLANG_WARN_DIRECT_OBJC_ISA_USAGE = YES_ERROR;
				CLANG_WARN_DOCUMENTATION_COMMENTS = YES;
				CLANG_WARN_EMPTY_BODY = YES;
				CLANG_WARN_ENUM_CONVERSION = YES;
				CLANG_WARN_INFINITE_RECURSION = YES;
				CLANG_WARN_INT_CONVERSION = YES;
				CLANG_WARN_OBJC_ROOT_CLASS = YES_ERROR;
				CLANG_WARN_SUSPICIOUS_MOVE = YES;
				CLANG_WARN_SUSPICIOUS_MOVES = YES;
				CLANG_WARN_UNREACHABLE_CODE = YES;
				CLANG_WARN__DUPLICATE_METHOD_MATCH = YES;
				"CODE_SIGN_IDENTITY[sdk=iphoneos*]" = "iPhone Developer";
				COPY_PHASE_STRIP = NO;
				DEBUG_INFORMATION_FORMAT = dwarf;
				ENABLE_STRICT_OBJC_MSGSEND = YES;
				ENABLE_TESTABILITY = YES;
				GCC_C_LANGUAGE_STANDARD = gnu99;
				GCC_DYNAMIC_NO_PIC = NO;
				GCC_NO_COMMON_BLOCKS = YES;
				GCC_OPTIMIZATION_LEVEL = 0;
				GCC_PREPROCESSOR_DEFINITIONS = (
					"DEBUG=1",
					"$(inherited)",
				);
				GCC_WARN_64_TO_32_BIT_CONVERSION = YES;
				GCC_WARN_ABOUT_RETURN_TYPE = YES_ERROR;
				GCC_WARN_UNDECLARED_SELECTOR = YES;
				GCC_WARN_UNINITIALIZED_AUTOS = YES_AGGRESSIVE;
				GCC_WARN_UNUSED_FUNCTION = YES;
				GCC_WARN_UNUSED_VARIABLE = YES;
				IPHONEOS_DEPLOYMENT_TARGET = 10.0;
				MTL_ENABLE_DEBUG_INFO = YES;
				ONLY_ACTIVE_ARCH = YES;
				SDKROOT = iphoneos;
				SWIFT_ACTIVE_COMPILATION_CONDITIONS = DEBUG;
				SWIFT_OPTIMIZATION_LEVEL = "-Onone";
			};
			name = Debug;
		};
		03C9D8ED1DBE7A6A00A6745C /* Release */ = {
			isa = XCBuildConfiguration;
			buildSettings = {
				ALWAYS_SEARCH_USER_PATHS = NO;
				CLANG_ANALYZER_NONNULL = YES;
				CLANG_CXX_LANGUAGE_STANDARD = "gnu++0x";
				CLANG_CXX_LIBRARY = "libc++";
				CLANG_ENABLE_MODULES = YES;
				CLANG_ENABLE_OBJC_ARC = YES;
				CLANG_WARN_BOOL_CONVERSION = YES;
				CLANG_WARN_CONSTANT_CONVERSION = YES;
				CLANG_WARN_DIRECT_OBJC_ISA_USAGE = YES_ERROR;
				CLANG_WARN_DOCUMENTATION_COMMENTS = YES;
				CLANG_WARN_EMPTY_BODY = YES;
				CLANG_WARN_ENUM_CONVERSION = YES;
				CLANG_WARN_INFINITE_RECURSION = YES;
				CLANG_WARN_INT_CONVERSION = YES;
				CLANG_WARN_OBJC_ROOT_CLASS = YES_ERROR;
				CLANG_WARN_SUSPICIOUS_MOVE = YES;
				CLANG_WARN_SUSPICIOUS_MOVES = YES;
				CLANG_WARN_UNREACHABLE_CODE = YES;
				CLANG_WARN__DUPLICATE_METHOD_MATCH = YES;
				"CODE_SIGN_IDENTITY[sdk=iphoneos*]" = "iPhone Developer";
				COPY_PHASE_STRIP = NO;
				DEBUG_INFORMATION_FORMAT = "dwarf-with-dsym";
				ENABLE_NS_ASSERTIONS = NO;
				ENABLE_STRICT_OBJC_MSGSEND = YES;
				GCC_C_LANGUAGE_STANDARD = gnu99;
				GCC_NO_COMMON_BLOCKS = YES;
				GCC_WARN_64_TO_32_BIT_CONVERSION = YES;
				GCC_WARN_ABOUT_RETURN_TYPE = YES_ERROR;
				GCC_WARN_UNDECLARED_SELECTOR = YES;
				GCC_WARN_UNINITIALIZED_AUTOS = YES_AGGRESSIVE;
				GCC_WARN_UNUSED_FUNCTION = YES;
				GCC_WARN_UNUSED_VARIABLE = YES;
				IPHONEOS_DEPLOYMENT_TARGET = 10.0;
				MTL_ENABLE_DEBUG_INFO = NO;
				SDKROOT = iphoneos;
				SWIFT_OPTIMIZATION_LEVEL = "-Owholemodule";
				VALIDATE_PRODUCT = YES;
			};
			name = Release;
		};
		03C9D8EF1DBE7A6A00A6745C /* Debug */ = {
			isa = XCBuildConfiguration;
			buildSettings = {
				ASSETCATALOG_COMPILER_APPICON_NAME = AppIcon;
				CLANG_ENABLE_MODULES = YES;
				DEVELOPMENT_TEAM = H9SXWJQ397;
				INFOPLIST_FILE = "Pi-Mote/Info.plist";
				LD_RUNPATH_SEARCH_PATHS = "$(inherited) @executable_path/Frameworks";
				PRODUCT_BUNDLE_IDENTIFIER = "codymeridith.Pi-Mote";
				PRODUCT_NAME = "$(TARGET_NAME)";
				SWIFT_OBJC_BRIDGING_HEADER = "";
				SWIFT_OPTIMIZATION_LEVEL = "-Onone";
				SWIFT_VERSION = 3.0;
			};
			name = Debug;
		};
		03C9D8F01DBE7A6A00A6745C /* Release */ = {
			isa = XCBuildConfiguration;
			buildSettings = {
				ASSETCATALOG_COMPILER_APPICON_NAME = AppIcon;
				CLANG_ENABLE_MODULES = YES;
				DEVELOPMENT_TEAM = H9SXWJQ397;
				INFOPLIST_FILE = "Pi-Mote/Info.plist";
				LD_RUNPATH_SEARCH_PATHS = "$(inherited) @executable_path/Frameworks";
				PRODUCT_BUNDLE_IDENTIFIER = "codymeridith.Pi-Mote";
				PRODUCT_NAME = "$(TARGET_NAME)";
				SWIFT_OBJC_BRIDGING_HEADER = "";
				SWIFT_VERSION = 3.0;
			};
			name = Release;
		};
/* End XCBuildConfiguration section */

/* Begin XCConfigurationList section */
		03C9D8D51DBE7A6A00A6745C /* Build configuration list for PBXProject "Pi-Mote" */ = {
			isa = XCConfigurationList;
			buildConfigurations = (
				03C9D8EC1DBE7A6A00A6745C /* Debug */,
				03C9D8ED1DBE7A6A00A6745C /* Release */,
			);
			defaultConfigurationIsVisible = 0;
			defaultConfigurationName = Release;
		};
		03C9D8EE1DBE7A6A00A6745C /* Build configuration list for PBXNativeTarget "Pi-Mote" */ = {
			isa = XCConfigurationList;
			buildConfigurations = (
				03C9D8EF1DBE7A6A00A6745C /* Debug */,
				03C9D8F01DBE7A6A00A6745C /* Release */,
			);
			defaultConfigurationIsVisible = 0;
			defaultConfigurationName = Release;
		};
/* End XCConfigurationList section */
	};
	rootObject = 03C9D8D21DBE7A6A00A6745C /* Project object */;
}
